// !$*UTF8*$!
{
	archiveVersion = 1;
	classes = {
	};
	objectVersion = 46;
	objects = {

/* Begin PBXBuildFile section */
		DC0E48541ECDF81400DBF781 /* main.m in Sources */ = {isa = PBXBuildFile; fileRef = DC0E48531ECDF81400DBF781 /* main.m */; };
		DC0E48571ECDF81400DBF781 /* AppDelegate.m in Sources */ = {isa = PBXBuildFile; fileRef = DC0E48561ECDF81400DBF781 /* AppDelegate.m */; };
		DC0E485A1ECDF81400DBF781 /* ViewController.m in Sources */ = {isa = PBXBuildFile; fileRef = DC0E48591ECDF81400DBF781 /* ViewController.m */; };
		DC0E485D1ECDF81400DBF781 /* Main.storyboard in Resources */ = {isa = PBXBuildFile; fileRef = DC0E485B1ECDF81400DBF781 /* Main.storyboard */; };
		DC0E48601ECDF81400DBF781 /* weibo.xcdatamodeld in Sources */ = {isa = PBXBuildFile; fileRef = DC0E485E1ECDF81400DBF781 /* weibo.xcdatamodeld */; };
		DC0E48621ECDF81400DBF781 /* Assets.xcassets in Resources */ = {isa = PBXBuildFile; fileRef = DC0E48611ECDF81400DBF781 /* Assets.xcassets */; };
		DC0E48651ECDF81400DBF781 /* LaunchScreen.storyboard in Resources */ = {isa = PBXBuildFile; fileRef = DC0E48631ECDF81400DBF781 /* LaunchScreen.storyboard */; };
		DC0E48701ECDF81400DBF781 /* weiboTests.m in Sources */ = {isa = PBXBuildFile; fileRef = DC0E486F1ECDF81400DBF781 /* weiboTests.m */; };
		DC0E487B1ECDF81400DBF781 /* weiboUITests.m in Sources */ = {isa = PBXBuildFile; fileRef = DC0E487A1ECDF81400DBF781 /* weiboUITests.m */; };
		DC0E488A1ECDFB5000DBF781 /* cat.m in Sources */ = {isa = PBXBuildFile; fileRef = DC0E48891ECDFB5000DBF781 /* cat.m */; };
/* End PBXBuildFile section */

/* Begin PBXContainerItemProxy section */
		DC0E486C1ECDF81400DBF781 /* PBXContainerItemProxy */ = {
			isa = PBXContainerItemProxy;
			containerPortal = DC0E48471ECDF81400DBF781 /* Project object */;
			proxyType = 1;
			remoteGlobalIDString = DC0E484E1ECDF81400DBF781;
			remoteInfo = weibo;
		};
		DC0E48771ECDF81400DBF781 /* PBXContainerItemProxy */ = {
			isa = PBXContainerItemProxy;
			containerPortal = DC0E48471ECDF81400DBF781 /* Project object */;
			proxyType = 1;
			remoteGlobalIDString = DC0E484E1ECDF81400DBF781;
			remoteInfo = weibo;
		};
/* End PBXContainerItemProxy section */

/* Begin PBXFileReference section */
		DC0E484F1ECDF81400DBF781 /* weibo.app */ = {isa = PBXFileReference; explicitFileType = wrapper.application; includeInIndex = 0; path = weibo.app; sourceTree = BUILT_PRODUCTS_DIR; };
		DC0E48531ECDF81400DBF781 /* main.m */ = {isa = PBXFileReference; lastKnownFileType = sourcecode.c.objc; path = main.m; sourceTree = "<group>"; };
		DC0E48551ECDF81400DBF781 /* AppDelegate.h */ = {isa = PBXFileReference; lastKnownFileType = sourcecode.c.h; path = AppDelegate.h; sourceTree = "<group>"; };
		DC0E48561ECDF81400DBF781 /* AppDelegate.m */ = {isa = PBXFileReference; lastKnownFileType = sourcecode.c.objc; path = AppDelegate.m; sourceTree = "<group>"; };
		DC0E48581ECDF81400DBF781 /* ViewController.h */ = {isa = PBXFileReference; lastKnownFileType = sourcecode.c.h; path = ViewController.h; sourceTree = "<group>"; };
		DC0E48591ECDF81400DBF781 /* ViewController.m */ = {isa = PBXFileReference; lastKnownFileType = sourcecode.c.objc; path = ViewController.m; sourceTree = "<group>"; };
		DC0E485C1ECDF81400DBF781 /* Base */ = {isa = PBXFileReference; lastKnownFileType = file.storyboard; name = Base; path = Base.lproj/Main.storyboard; sourceTree = "<group>"; };
		DC0E485F1ECDF81400DBF781 /* weibo.xcdatamodel */ = {isa = PBXFileReference; lastKnownFileType = wrapper.xcdatamodel; path = weibo.xcdatamodel; sourceTree = "<group>"; };
		DC0E48611ECDF81400DBF781 /* Assets.xcassets */ = {isa = PBXFileReference; lastKnownFileType = folder.assetcatalog; path = Assets.xcassets; sourceTree = "<group>"; };
		DC0E48641ECDF81400DBF781 /* Base */ = {isa = PBXFileReference; lastKnownFileType = file.storyboard; name = Base; path = Base.lproj/LaunchScreen.storyboard; sourceTree = "<group>"; };
		DC0E48661ECDF81400DBF781 /* Info.plist */ = {isa = PBXFileReference; lastKnownFileType = text.plist.xml; path = Info.plist; sourceTree = "<group>"; };
		DC0E486B1ECDF81400DBF781 /* weiboTests.xctest */ = {isa = PBXFileReference; explicitFileType = wrapper.cfbundle; includeInIndex = 0; path = weiboTests.xctest; sourceTree = BUILT_PRODUCTS_DIR; };
		DC0E486F1ECDF81400DBF781 /* weiboTests.m */ = {isa = PBXFileReference; lastKnownFileType = sourcecode.c.objc; path = weiboTests.m; sourceTree = "<group>"; };
		DC0E48711ECDF81400DBF781 /* Info.plist */ = {isa = PBXFileReference; lastKnownFileType = text.plist.xml; path = Info.plist; sourceTree = "<group>"; };
		DC0E48761ECDF81400DBF781 /* weiboUITests.xctest */ = {isa = PBXFileReference; explicitFileType = wrapper.cfbundle; includeInIndex = 0; path = weiboUITests.xctest; sourceTree = BUILT_PRODUCTS_DIR; };
		DC0E487A1ECDF81400DBF781 /* weiboUITests.m */ = {isa = PBXFileReference; lastKnownFileType = sourcecode.c.objc; path = weiboUITests.m; sourceTree = "<group>"; };
		DC0E487C1ECDF81400DBF781 /* Info.plist */ = {isa = PBXFileReference; lastKnownFileType = text.plist.xml; path = Info.plist; sourceTree = "<group>"; };
		DC0E48881ECDFB5000DBF781 /* cat.h */ = {isa = PBXFileReference; fileEncoding = 4; lastKnownFileType = sourcecode.c.h; path = cat.h; sourceTree = "<group>"; };
		DC0E48891ECDFB5000DBF781 /* cat.m */ = {isa = PBXFileReference; fileEncoding = 4; lastKnownFileType = sourcecode.c.objc; path = cat.m; sourceTree = "<group>"; };
/* End PBXFileReference section */

/* Begin PBXFrameworksBuildPhase section */
		DC0E484C1ECDF81400DBF781 /* Frameworks */ = {
			isa = PBXFrameworksBuildPhase;
			buildActionMask = 2147483647;
			files = (
			);
			runOnlyForDeploymentPostprocessing = 0;
		};
		DC0E48681ECDF81400DBF781 /* Frameworks */ = {
			isa = PBXFrameworksBuildPhase;
			buildActionMask = 2147483647;
			files = (
			);
			runOnlyForDeploymentPostprocessing = 0;
		};
		DC0E48731ECDF81400DBF781 /* Frameworks */ = {
			isa = PBXFrameworksBuildPhase;
			buildActionMask = 2147483647;
			files = (
			);
			runOnlyForDeploymentPostprocessing = 0;
		};
/* End PBXFrameworksBuildPhase section */

/* Begin PBXGroup section */
		DC0E48461ECDF81400DBF781 = {
			isa = PBXGroup;
			children = (
				DC0E48511ECDF81400DBF781 /* weibo */,
				DC0E486E1ECDF81400DBF781 /* weiboTests */,
				DC0E48791ECDF81400DBF781 /* weiboUITests */,
				DC0E48501ECDF81400DBF781 /* Products */,
			);
			sourceTree = "<group>";
		};
		DC0E48501ECDF81400DBF781 /* Products */ = {
			isa = PBXGroup;
			children = (
				DC0E484F1ECDF81400DBF781 /* weibo.app */,
				DC0E486B1ECDF81400DBF781 /* weiboTests.xctest */,
				DC0E48761ECDF81400DBF781 /* weiboUITests.xctest */,
			);
			name = Products;
			sourceTree = "<group>";
		};
		DC0E48511ECDF81400DBF781 /* weibo */ = {
			isa = PBXGroup;
			children = (
				DC0E48551ECDF81400DBF781 /* AppDelegate.h */,
				DC0E48561ECDF81400DBF781 /* AppDelegate.m */,
				DC0E48581ECDF81400DBF781 /* ViewController.h */,
				DC0E48591ECDF81400DBF781 /* ViewController.m */,
				DC0E485B1ECDF81400DBF781 /* Main.storyboard */,
				DC0E48611ECDF81400DBF781 /* Assets.xcassets */,
				DC0E48631ECDF81400DBF781 /* LaunchScreen.storyboard */,
				DC0E48661ECDF81400DBF781 /* Info.plist */,
				DC0E485E1ECDF81400DBF781 /* weibo.xcdatamodeld */,
				DC0E48521ECDF81400DBF781 /* Supporting Files */,
				DC0E48881ECDFB5000DBF781 /* cat.h */,
				DC0E48891ECDFB5000DBF781 /* cat.m */,
			);
			path = weibo;
			sourceTree = "<group>";
		};
		DC0E48521ECDF81400DBF781 /* Supporting Files */ = {
			isa = PBXGroup;
			children = (
				DC0E48531ECDF81400DBF781 /* main.m */,
			);
			name = "Supporting Files";
			sourceTree = "<group>";
		};
		DC0E486E1ECDF81400DBF781 /* weiboTests */ = {
			isa = PBXGroup;
			children = (
				DC0E486F1ECDF81400DBF781 /* weiboTests.m */,
				DC0E48711ECDF81400DBF781 /* Info.plist */,
			);
			path = weiboTests;
			sourceTree = "<group>";
		};
		DC0E48791ECDF81400DBF781 /* weiboUITests */ = {
			isa = PBXGroup;
			children = (
				DC0E487A1ECDF81400DBF781 /* weiboUITests.m */,
				DC0E487C1ECDF81400DBF781 /* Info.plist */,
			);
			path = weiboUITests;
			sourceTree = "<group>";
		};
/* End PBXGroup section */

/* Begin PBXNativeTarget section */
		DC0E484E1ECDF81400DBF781 /* weibo */ = {
			isa = PBXNativeTarget;
			buildConfigurationList = DC0E487F1ECDF81400DBF781 /* Build configuration list for PBXNativeTarget "weibo" */;
			buildPhases = (
				DC0E484B1ECDF81400DBF781 /* Sources */,
				DC0E484C1ECDF81400DBF781 /* Frameworks */,
				DC0E484D1ECDF81400DBF781 /* Resources */,
			);
			buildRules = (
			);
			dependencies = (
			);
			name = weibo;
			productName = weibo;
			productReference = DC0E484F1ECDF81400DBF781 /* weibo.app */;
			productType = "com.apple.product-type.application";
		};
		DC0E486A1ECDF81400DBF781 /* weiboTests */ = {
			isa = PBXNativeTarget;
			buildConfigurationList = DC0E48821ECDF81400DBF781 /* Build configuration list for PBXNativeTarget "weiboTests" */;
			buildPhases = (
				DC0E48671ECDF81400DBF781 /* Sources */,
				DC0E48681ECDF81400DBF781 /* Frameworks */,
				DC0E48691ECDF81400DBF781 /* Resources */,
			);
			buildRules = (
			);
			dependencies = (
				DC0E486D1ECDF81400DBF781 /* PBXTargetDependency */,
			);
			name = weiboTests;
			productName = weiboTests;
			productReference = DC0E486B1ECDF81400DBF781 /* weiboTests.xctest */;
			productType = "com.apple.product-type.bundle.unit-test";
		};
		DC0E48751ECDF81400DBF781 /* weiboUITests */ = {
			isa = PBXNativeTarget;
			buildConfigurationList = DC0E48851ECDF81400DBF781 /* Build configuration list for PBXNativeTarget "weiboUITests" */;
			buildPhases = (
				DC0E48721ECDF81400DBF781 /* Sources */,
				DC0E48731ECDF81400DBF781 /* Frameworks */,
				DC0E48741ECDF81400DBF781 /* Resources */,
			);
			buildRules = (
			);
			dependencies = (
				DC0E48781ECDF81400DBF781 /* PBXTargetDependency */,
			);
			name = weiboUITests;
			productName = weiboUITests;
			productReference = DC0E48761ECDF81400DBF781 /* weiboUITests.xctest */;
			productType = "com.apple.product-type.bundle.ui-testing";
		};
/* End PBXNativeTarget section */

/* Begin PBXProject section */
		DC0E48471ECDF81400DBF781 /* Project object */ = {
			isa = PBXProject;
			attributes = {
				LastUpgradeCheck = 0830;
				ORGANIZATIONNAME = Flying;
				TargetAttributes = {
					DC0E484E1ECDF81400DBF781 = {
						CreatedOnToolsVersion = 8.3.2;
						ProvisioningStyle = Automatic;
					};
					DC0E486A1ECDF81400DBF781 = {
						CreatedOnToolsVersion = 8.3.2;
						ProvisioningStyle = Automatic;
						TestTargetID = DC0E484E1ECDF81400DBF781;
					};
					DC0E48751ECDF81400DBF781 = {
						CreatedOnToolsVersion = 8.3.2;
						ProvisioningStyle = Automatic;
						TestTargetID = DC0E484E1ECDF81400DBF781;
					};
				};
			};
			buildConfigurationList = DC0E484A1ECDF81400DBF781 /* Build configuration list for PBXProject "weibo" */;
			compatibilityVersion = "Xcode 3.2";
			developmentRegion = English;
			hasScannedForEncodings = 0;
			knownRegions = (
				en,
				Base,
			);
			mainGroup = DC0E48461ECDF81400DBF781;
			productRefGroup = DC0E48501ECDF81400DBF781 /* Products */;
			projectDirPath = "";
			projectRoot = "";
			targets = (
				DC0E484E1ECDF81400DBF781 /* weibo */,
				DC0E486A1ECDF81400DBF781 /* weiboTests */,
				DC0E48751ECDF81400DBF781 /* weiboUITests */,
			);
		};
/* End PBXProject section */

/* Begin PBXResourcesBuildPhase section */
		DC0E484D1ECDF81400DBF781 /* Resources */ = {
			isa = PBXResourcesBuildPhase;
			buildActionMask = 2147483647;
			files = (
				DC0E48651ECDF81400DBF781 /* LaunchScreen.storyboard in Resources */,
				DC0E48621ECDF81400DBF781 /* Assets.xcassets in Resources */,
				DC0E485D1ECDF81400DBF781 /* Main.storyboard in Resources */,
			);
			runOnlyForDeploymentPostprocessing = 0;
		};
		DC0E48691ECDF81400DBF781 /* Resources */ = {
			isa = PBXResourcesBuildPhase;
			buildActionMask = 2147483647;
			files = (
			);
			runOnlyForDeploymentPostprocessing = 0;
		};
		DC0E48741ECDF81400DBF781 /* Resources */ = {
			isa = PBXResourcesBuildPhase;
			buildActionMask = 2147483647;
			files = (
			);
			runOnlyForDeploymentPostprocessing = 0;
		};
/* End PBXResourcesBuildPhase section */

/* Begin PBXSourcesBuildPhase section */
		DC0E484B1ECDF81400DBF781 /* Sources */ = {
			isa = PBXSourcesBuildPhase;
			buildActionMask = 2147483647;
			files = (
				DC0E488A1ECDFB5000DBF781 /* cat.m in Sources */,
				DC0E48601ECDF81400DBF781 /* weibo.xcdatamodeld in Sources */,
				DC0E485A1ECDF81400DBF781 /* ViewController.m in Sources */,
				DC0E48571ECDF81400DBF781 /* AppDelegate.m in Sources */,
				DC0E48541ECDF81400DBF781 /* main.m in Sources */,
			);
			runOnlyForDeploymentPostprocessing = 0;
		};
		DC0E48671ECDF81400DBF781 /* Sources */ = {
			isa = PBXSourcesBuildPhase;
			buildActionMask = 2147483647;
			files = (
				DC0E48701ECDF81400DBF781 /* weiboTests.m in Sources */,
			);
			runOnlyForDeploymentPostprocessing = 0;
		};
		DC0E48721ECDF81400DBF781 /* Sources */ = {
			isa = PBXSourcesBuildPhase;
			buildActionMask = 2147483647;
			files = (
				DC0E487B1ECDF81400DBF781 /* weiboUITests.m in Sources */,
			);
			runOnlyForDeploymentPostprocessing = 0;
		};
/* End PBXSourcesBuildPhase section */

/* Begin PBXTargetDependency section */
		DC0E486D1ECDF81400DBF781 /* PBXTargetDependency */ = {
			isa = PBXTargetDependency;
			target = DC0E484E1ECDF81400DBF781 /* weibo */;
			targetProxy = DC0E486C1ECDF81400DBF781 /* PBXContainerItemProxy */;
		};
		DC0E48781ECDF81400DBF781 /* PBXTargetDependency */ = {
			isa = PBXTargetDependency;
			target = DC0E484E1ECDF81400DBF781 /* weibo */;
			targetProxy = DC0E48771ECDF81400DBF781 /* PBXContainerItemProxy */;
		};
/* End PBXTargetDependency section */

/* Begin PBXVariantGroup section */
		DC0E485B1ECDF81400DBF781 /* Main.storyboard */ = {
			isa = PBXVariantGroup;
			children = (
				DC0E485C1ECDF81400DBF781 /* Base */,
			);
			name = Main.storyboard;
			sourceTree = "<group>";
		};
		DC0E48631ECDF81400DBF781 /* LaunchScreen.storyboard */ = {
			isa = PBXVariantGroup;
			children = (
				DC0E48641ECDF81400DBF781 /* Base */,
			);
			name = LaunchScreen.storyboard;
			sourceTree = "<group>";
		};
/* End PBXVariantGroup section */

/* Begin XCBuildConfiguration section */
		DC0E487D1ECDF81400DBF781 /* Debug */ = {
			isa = XCBuildConfiguration;
			buildSettings = {
				ALWAYS_SEARCH_USER_PATHS = NO;
				CLANG_ANALYZER_NONNULL = YES;
				CLANG_ANALYZER_NUMBER_OBJECT_CONVERSION = YES_AGGRESSIVE;
				CLANG_CXX_LANGUAGE_STANDARD = "gnu++0x";
				CLANG_CXX_LIBRARY = "libc++";
				CLANG_ENABLE_MODULES = YES;
				CLANG_ENABLE_OBJC_ARC = YES;
				CLANG_WARN_BOOL_CONVERSION = YES;
				CLANG_WARN_CONSTANT_CONVERSION = YES;
				CLANG_WARN_DIRECT_OBJC_ISA_USAGE = YES_ERROR;
				CLANG_WARN_DOCUMENTATION_COMMENTS = YES;
				CLANG_WARN_EMPTY_BODY = YES;
				CLANG_WARN_ENUM_CONVERSION = YES;
				CLANG_WARN_INFINITE_RECURSION = YES;
				CLANG_WARN_INT_CONVERSION = YES;
				CLANG_WARN_OBJC_ROOT_CLASS = YES_ERROR;
				CLANG_WARN_SUSPICIOUS_MOVE = YES;
				CLANG_WARN_UNREACHABLE_CODE = YES;
				CLANG_WARN__DUPLICATE_METHOD_MATCH = YES;
				"CODE_SIGN_IDENTITY[sdk=iphoneos*]" = "iPhone Developer";
				COPY_PHASE_STRIP = NO;
				DEBUG_INFORMATION_FORMAT = dwarf;
				ENABLE_STRICT_OBJC_MSGSEND = YES;
				ENABLE_TESTABILITY = YES;
				GCC_C_LANGUAGE_STANDARD = gnu99;
				GCC_DYNAMIC_NO_PIC = NO;
				GCC_NO_COMMON_BLOCKS = YES;
				GCC_OPTIMIZATION_LEVEL = 0;
				GCC_PREPROCESSOR_DEFINITIONS = (
					"DEBUG=1",
					"$(inherited)",
				);
				GCC_WARN_64_TO_32_BIT_CONVERSION = YES;
				GCC_WARN_ABOUT_RETURN_TYPE = YES_ERROR;
				GCC_WARN_UNDECLARED_SELECTOR = YES;
				GCC_WARN_UNINITIALIZED_AUTOS = YES_AGGRESSIVE;
				GCC_WARN_UNUSED_FUNCTION = YES;
				GCC_WARN_UNUSED_VARIABLE = YES;
				IPHONEOS_DEPLOYMENT_TARGET = 10.3;
				MTL_ENABLE_DEBUG_INFO = YES;
				ONLY_ACTIVE_ARCH = YES;
				SDKROOT = iphoneos;
				TARGETED_DEVICE_FAMILY = "1,2";
			};
			name = Debug;
		};
		DC0E487E1ECDF81400DBF781 /* Release */ = {
			isa = XCBuildConfiguration;
			buildSettings = {
				ALWAYS_SEARCH_USER_PATHS = NO;
				CLANG_ANALYZER_NONNULL = YES;
				CLANG_ANALYZER_NUMBER_OBJECT_CONVERSION = YES_AGGRESSIVE;
				CLANG_CXX_LANGUAGE_STANDARD = "gnu++0x";
				CLANG_CXX_LIBRARY = "libc++";
				CLANG_ENABLE_MODULES = YES;
				CLANG_ENABLE_OBJC_ARC = YES;
				CLANG_WARN_BOOL_CONVERSION = YES;
				CLANG_WARN_CONSTANT_CONVERSION = YES;
				CLANG_WARN_DIRECT_OBJC_ISA_USAGE = YES_ERROR;
				CLANG_WARN_DOCUMENTATION_COMMENTS = YES;
				CLANG_WARN_EMPTY_BODY = YES;
				CLANG_WARN_ENUM_CONVERSION = YES;
				CLANG_WARN_INFINITE_RECURSION = YES;
				CLANG_WARN_INT_CONVERSION = YES;
				CLANG_WARN_OBJC_ROOT_CLASS = YES_ERROR;
				CLANG_WARN_SUSPICIOUS_MOVE = YES;
				CLANG_WARN_UNREACHABLE_CODE = YES;
				CLANG_WARN__DUPLICATE_METHOD_MATCH = YES;
				"CODE_SIGN_IDENTITY[sdk=iphoneos*]" = "iPhone Developer";
				COPY_PHASE_STRIP = NO;
				DEBUG_INFORMATION_FORMAT = "dwarf-with-dsym";
				ENABLE_NS_ASSERTIONS = NO;
				ENABLE_STRICT_OBJC_MSGSEND = YES;
				GCC_C_LANGUAGE_STANDARD = gnu99;
				GCC_NO_COMMON_BLOCKS = YES;
				GCC_WARN_64_TO_32_BIT_CONVERSION = YES;
				GCC_WARN_ABOUT_RETURN_TYPE = YES_ERROR;
				GCC_WARN_UNDECLARED_SELECTOR = YES;
				GCC_WARN_UNINITIALIZED_AUTOS = YES_AGGRESSIVE;
				GCC_WARN_UNUSED_FUNCTION = YES;
				GCC_WARN_UNUSED_VARIABLE = YES;
				IPHONEOS_DEPLOYMENT_TARGET = 10.3;
				MTL_ENABLE_DEBUG_INFO = NO;
				SDKROOT = iphoneos;
				TARGETED_DEVICE_FAMILY = "1,2";
				VALIDATE_PRODUCT = YES;
			};
			name = Release;
		};
		DC0E48801ECDF81400DBF781 /* Debug */ = {
			isa = XCBuildConfiguration;
			buildSettings = {
				ASSETCATALOG_COMPILER_APPICON_NAME = AppIcon;
				INFOPLIST_FILE = weibo/Info.plist;
				LD_RUNPATH_SEARCH_PATHS = "$(inherited) @executable_path/Frameworks";
				PRODUCT_BUNDLE_IDENTIFIER = DL.weibo;
				PRODUCT_NAME = "$(TARGET_NAME)";
			};
			name = Debug;
		};
		DC0E48811ECDF81400DBF781 /* Release */ = {
			isa = XCBuildConfiguration;
			buildSettings = {
				ASSETCATALOG_COMPILER_APPICON_NAME = AppIcon;
				INFOPLIST_FILE = weibo/Info.plist;
				LD_RUNPATH_SEARCH_PATHS = "$(inherited) @executable_path/Frameworks";
				PRODUCT_BUNDLE_IDENTIFIER = DL.weibo;
				PRODUCT_NAME = "$(TARGET_NAME)";
			};
			name = Release;
		};
		DC0E48831ECDF81400DBF781 /* Debug */ = {
			isa = XCBuildConfiguration;
			buildSettings = {
				BUNDLE_LOADER = "$(TEST_HOST)";
				INFOPLIST_FILE = weiboTests/Info.plist;
				LD_RUNPATH_SEARCH_PATHS = "$(inherited) @executable_path/Frameworks @loader_path/Frameworks";
				PRODUCT_BUNDLE_IDENTIFIER = DL.weiboTests;
				PRODUCT_NAME = "$(TARGET_NAME)";
				TEST_HOST = "$(BUILT_PRODUCTS_DIR)/weibo.app/weibo";
			};
			name = Debug;
		};
		DC0E48841ECDF81400DBF781 /* Release */ = {
			isa = XCBuildConfiguration;
			buildSettings = {
				BUNDLE_LOADER = "$(TEST_HOST)";
				INFOPLIST_FILE = weiboTests/Info.plist;
				LD_RUNPATH_SEARCH_PATHS = "$(inherited) @executable_path/Frameworks @loader_path/Frameworks";
				PRODUCT_BUNDLE_IDENTIFIER = DL.weiboTests;
				PRODUCT_NAME = "$(TARGET_NAME)";
				TEST_HOST = "$(BUILT_PRODUCTS_DIR)/weibo.app/weibo";
			};
			name = Release;
		};
		DC0E48861ECDF81400DBF781 /* Debug */ = {
			isa = XCBuildConfiguration;
			buildSettings = {
				INFOPLIST_FILE = weiboUITests/Info.plist;
				LD_RUNPATH_SEARCH_PATHS = "$(inherited) @executable_path/Frameworks @loader_path/Frameworks";
				PRODUCT_BUNDLE_IDENTIFIER = DL.weiboUITests;
				PRODUCT_NAME = "$(TARGET_NAME)";
				TEST_TARGET_NAME = weibo;
			};
			name = Debug;
		};
		DC0E48871ECDF81400DBF781 /* Release */ = {
			isa = XCBuildConfiguration;
			buildSettings = {
				INFOPLIST_FILE = weiboUITests/Info.plist;
				LD_RUNPATH_SEARCH_PATHS = "$(inherited) @executable_path/Frameworks @loader_path/Frameworks";
				PRODUCT_BUNDLE_IDENTIFIER = DL.weiboUITests;
				PRODUCT_NAME = "$(TARGET_NAME)";
				TEST_TARGET_NAME = weibo;
			};
			name = Release;
		};
/* End XCBuildConfiguration section */

/* Begin XCConfigurationList section */
		DC0E484A1ECDF81400DBF781 /* Build configuration list for PBXProject "weibo" */ = {
			isa = XCConfigurationList;
			buildConfigurations = (
				DC0E487D1ECDF81400DBF781 /* Debug */,
				DC0E487E1ECDF81400DBF781 /* Release */,
			);
			defaultConfigurationIsVisible = 0;
			defaultConfigurationName = Release;
		};
		DC0E487F1ECDF81400DBF781 /* Build configuration list for PBXNativeTarget "weibo" */ = {
			isa = XCConfigurationList;
			buildConfigurations = (
				DC0E48801ECDF81400DBF781 /* Debug */,
				DC0E48811ECDF81400DBF781 /* Release */,
			);
			defaultConfigurationIsVisible = 0;
		};
		DC0E48821ECDF81400DBF781 /* Build configuration list for PBXNativeTarget "weiboTests" */ = {
			isa = XCConfigurationList;
			buildConfigurations = (
				DC0E48831ECDF81400DBF781 /* Debug */,
				DC0E48841ECDF81400DBF781 /* Release */,
			);
			defaultConfigurationIsVisible = 0;
		};
		DC0E48851ECDF81400DBF781 /* Build configuration list for PBXNativeTarget "weiboUITests" */ = {
			isa = XCConfigurationList;
			buildConfigurations = (
				DC0E48861ECDF81400DBF781 /* Debug */,
				DC0E48871ECDF81400DBF781 /* Release */,
			);
			defaultConfigurationIsVisible = 0;
		};
/* End XCConfigurationList section */

/* Begin XCVersionGroup section */
		DC0E485E1ECDF81400DBF781 /* weibo.xcdatamodeld */ = {
			isa = XCVersionGroup;
			children = (
				DC0E485F1ECDF81400DBF781 /* weibo.xcdatamodel */,
			);
			currentVersion = DC0E485F1ECDF81400DBF781 /* weibo.xcdatamodel */;
			path = weibo.xcdatamodeld;
			sourceTree = "<group>";
			versionGroupType = wrapper.xcdatamodel;
		};
/* End XCVersionGroup section */
	};
	rootObject = DC0E48471ECDF81400DBF781 /* Project object */;
}
